# THIS IS AN AUTOGENERATED FILE. DO NOT EDIT THIS FILE DIRECTLY.
# yarn lockfile v1


"@fortawesome/fontawesome-free@^5.9.0":
  version "5.9.0"
  resolved "https://registry.yarnpkg.com/@fortawesome/fontawesome-free/-/fontawesome-free-5.9.0.tgz#1aa5c59efb1b8c6eb6277d1e3e8c8f31998b8c8e"
  integrity sha512-g795BBEzM/Hq2SYNPm/NQTIp3IWd4eXSH0ds87Na2jnrAUFX3wkyZAI4Gwj9DOaWMuz2/01i8oWI7P7T/XLkhg==

bootstrap@^4.3.1:
  version "4.3.1"
  resolved "https://registry.yarnpkg.com/bootstrap/-/bootstrap-4.3.1.tgz#280ca8f610504d99d7b6b4bfc4b68cec601704ac"
  integrity sha512-rXqOmH1VilAt2DyPzluTi2blhk17bO7ef+zLLPlWvG494pDxcM234pJ8wTc/6R40UWizAIIMgxjvxZg5kmsbag==

chart.js@^2.8.0:
  version "2.8.0"
  resolved "https://registry.yarnpkg.com/chart.js/-/chart.js-2.8.0.tgz#b703b10d0f4ec5079eaefdcd6ca32dc8f826e0e9"
  integrity sha512-Di3wUL4BFvqI5FB5K26aQ+hvWh8wnP9A3DWGvXHVkO13D3DSnaSsdZx29cXlEsYKVkn1E2az+ZYFS4t0zi8x0w==
  dependencies:
    chartjs-color "^2.1.0"
    moment "^2.10.2"

chartjs-color-string@^0.6.0:
  version "0.6.0"
  resolved "https://registry.yarnpkg.com/chartjs-color-string/-/chartjs-color-string-0.6.0.tgz#1df096621c0e70720a64f4135ea171d051402f71"
  integrity sha512-TIB5OKn1hPJvO7JcteW4WY/63v6KwEdt6udfnDE9iCAZgy+V4SrbSxoIbTw/xkUIapjEI4ExGtD0+6D3KyFd7A==
  dependencies:
    color-name "^1.0.0"

chartjs-color@^2.1.0:
  version "2.3.0"
  resolved "https://registry.yarnpkg.com/chartjs-color/-/chartjs-color-2.3.0.tgz#0e7e1e8dba37eae8415fd3db38bf572007dd958f"
  integrity sha512-hEvVheqczsoHD+fZ+tfPUE+1+RbV6b+eksp2LwAhwRTVXEjCSEavvk+Hg3H6SZfGlPh/UfmWKGIvZbtobOEm3g==
  dependencies:
    chartjs-color-string "^0.6.0"
    color-convert "^0.5.3"

color-convert@^0.5.3:
  version "0.5.3"
  resolved "https://registry.yarnpkg.com/color-convert/-/color-convert-0.5.3.tgz#bdb6c69ce660fadffe0b0007cc447e1b9f7282bd"
  integrity sha1-vbbGnOZg+t/+CwAHzER+G59ygr0=

color-name@^1.0.0:
  version "1.1.4"
  resolved "https://registry.yarnpkg.com/color-name/-/color-name-1.1.4.tgz#c2a09a87acbde69543de6f63fa3995c826c536a2"
  integrity sha512-dOy+3AuW3a2wNbZHIuMZpTcgjGuLU/uBL/ubcZF9OXbDo8ff4O8yVp5Bf0efS8uEoYo5q4Fx7dY9OgQGXgAsQA==

datatables.net-bs4@^1.10.15, datatables.net-bs4@^1.10.19:
  version "1.10.19"
  resolved "https://registry.yarnpkg.com/datatables.net-bs4/-/datatables.net-bs4-1.10.19.tgz#0608dff22008cf3c7b8a68b1bc702ed255b404fb"
  integrity sha512-pgeP17w4aPR7HIxIwuJghfqXULjdg1K6xMUUKDyCERJRSNNK4MRToFfELtIsluLNN555YBK4Kx8nihX5/ZT1Fw==
  dependencies:
    datatables.net "1.10.19"
    jquery ">=1.7"

datatables.net-buttons-bs4@^1.5.6:
  version "1.5.6"
  resolved "https://registry.yarnpkg.com/datatables.net-buttons-bs4/-/datatables.net-buttons-bs4-1.5.6.tgz#fb16e2d0eeb4169b38f3e237ba78d45f2ec9e503"
  integrity sha512-fzVedjWO/DXe6eEPKuL3FiYdmTwdTb7017QdRX5T3cnYe/1fgyJHrFmsx1/yL1KTvAudoWRZl+AbiSNI58ZxLQ==
  dependencies:
    datatables.net-bs4 "^1.10.15"
    datatables.net-buttons "1.5.6"
    jquery ">=1.7"

datatables.net-buttons@1.5.6:
  version "1.5.6"
  resolved "https://registry.yarnpkg.com/datatables.net-buttons/-/datatables.net-buttons-1.5.6.tgz#30305a2ebc6c5e2ce5d32a8ef3649e0d5943d73a"
  integrity sha512-FlJtjQ8dsr6xeHWETUCtUJEa7ZqKlphFb22+LXZs80LmJqpVbW84BkppwSoKK+F4k8eRr1tYr38dxcCvIIy0rw==
  dependencies:
    datatables.net "^1.10.15"
    jquery ">=1.7"

datatables.net-dt@^1.10.19:
  version "1.10.19"
  resolved "https://registry.yarnpkg.com/datatables.net-dt/-/datatables.net-dt-1.10.19.tgz#fc668e4942ac6e331be2707975d0f33e01afb60f"
  integrity sha512-joFHYjLYvr9VnC9Fx3e+8jtXnQ/fP/mPFWt9p0NhZ3Zm5N0jlYyWhJQbnLkihOLuDcDFMaGdBQSvmIdTVdgGyw==
  dependencies:
    datatables.net "1.10.19"
    jquery ">=1.7"

datatables.net-fixedcolumns-bs4@^3.2.6:
  version "3.2.6"
  resolved "https://registry.yarnpkg.com/datatables.net-fixedcolumns-bs4/-/datatables.net-fixedcolumns-bs4-3.2.6.tgz#866aa30cedc21fdd53c95f43a35b083af6f1e432"
  integrity sha512-svG6/zQb1yZ3tLvBNeLxifVMfHQZSJL01sFuPoZztTpYK+QJ5thF0TbyCUEz9Kg/vQ2NPLPkX1uBBGj0IRkFPg==
  dependencies:
    datatables.net-bs4 "^1.10.15"
    datatables.net-fixedcolumns "3.2.6"
    jquery ">=1.7"

datatables.net-fixedcolumns@3.2.6:
  version "3.2.6"
  resolved "https://registry.yarnpkg.com/datatables.net-fixedcolumns/-/datatables.net-fixedcolumns-3.2.6.tgz#7b9b2f40cfe689568fac9835db89385b482872cb"
  integrity sha512-PtEs2tllcHRVZj7fwmAQBWGJ5URRQZpDG2pJsh5jusvnRje3w1+KueMZm60iCtfOkIlUn+/j2+MghxLx/8yfKQ==
  dependencies:
    datatables.net "^1.10.15"
    jquery ">=1.7"

datatables.net-fixedheader-bs4@^3.1.5:
  version "3.1.5"
  resolved "https://registry.yarnpkg.com/datatables.net-fixedheader-bs4/-/datatables.net-fixedheader-bs4-3.1.5.tgz#60e060b721f46690a85e1acde634e75cc14e3cba"
  integrity sha512-3hOgUNaYxloUMQUq/GyNFlJ6Ug5hehcggsELJcRkC3KH5C5VkQXJyu0TCMePHoWxUEFbQr+PpfTLpNB5YuD/HA==
  dependencies:
    datatables.net-bs4 "^1.10.15"
    datatables.net-fixedheader "3.1.5"
    jquery ">=1.7"

datatables.net-fixedheader@3.1.5:
  version "3.1.5"
  resolved "https://registry.yarnpkg.com/datatables.net-fixedheader/-/datatables.net-fixedheader-3.1.5.tgz#4b6051a877e2c625604f0847b4b7227faddcccea"
  integrity sha512-k5Hdj9uDe9iodr/F5Upq7D3rkO6Cw6XpnPRlfk38B0Imb+Fqe7aB3Jn88A4D79Rbla3sqO3ifQOwWoO9qlHetA==
  dependencies:
    datatables.net "^1.10.15"
    jquery ">=1.7"

datatables.net-responsive-bs4@^2.2.3:
  version "2.2.3"
  resolved "https://registry.yarnpkg.com/datatables.net-responsive-bs4/-/datatables.net-responsive-bs4-2.2.3.tgz#639de17c1d31210ebf2b3c25f1c774c13f729e94"
  integrity sha512-SQaWI0uLuPcaiBBin9zX+MuQfTSIkK1bYxbXqUV6NLkHCVa6PMQK7Rvftj0ywG4R7uOtjbzY8nSVqxEKvQI0Vg==
  dependencies:
    datatables.net-bs4 "^1.10.15"
    datatables.net-responsive "2.2.3"
    jquery ">=1.7"

datatables.net-responsive@2.2.3:
  version "2.2.3"
  resolved "https://registry.yarnpkg.com/datatables.net-responsive/-/datatables.net-responsive-2.2.3.tgz#50a2b1b4955b16b32f573a3f00f473b0bfbee913"
  integrity sha512-8D6VtZcyuH3FG0Hn5A4LPZQEOX3+HrRFM7HjpmsQc/nQDBbdeBLkJX4Sh/o1nzFTSneuT1Wh/lYZHVPpjcN+Sw==
  dependencies:
    datatables.net "^1.10.15"
    jquery ">=1.7"

datatables.net-rowgroup-bs4@^1.1.0:
  version "1.1.0"
  resolved "https://registry.yarnpkg.com/datatables.net-rowgroup-bs4/-/datatables.net-rowgroup-bs4-1.1.0.tgz#bcaa9842bc9cf70eeba19e8af6edad190c7b896e"
  integrity sha512-R2C+lLbVyPuyITVJo/1va97nHOcQ06M0kReTmN4zaR4/SRkFDfOVXz48w2jT1AJW/j65DYAh+OHwUSYgcgKisA==
  dependencies:
    datatables.net-bs4 "^1.10.15"
    datatables.net-rowgroup "1.1.0"
    jquery ">=1.7"

datatables.net-rowgroup@1.1.0:
  version "1.1.0"
  resolved "https://registry.yarnpkg.com/datatables.net-rowgroup/-/datatables.net-rowgroup-1.1.0.tgz#638efb37a1a15f5b3402b7dbce89b3bcdc286f1a"
  integrity sha512-OPIiiMTbIoh1hSnJ9lx3avqKpYtEPux5iA6jpWKRdyKbdYU8UQbi5ht3b096frYQplIuAQnQcwqpGmvrf77l6g==
  dependencies:
    datatables.net "^1.10.15"
    jquery ">=1.7"

datatables.net-scroller-bs4@^2.0.0:
  version "2.0.0"
  resolved "https://registry.yarnpkg.com/datatables.net-scroller-bs4/-/datatables.net-scroller-bs4-2.0.0.tgz#f3abdf546988ec8a20b0bd1e05c380db78b84eb4"
  integrity sha512-NmRWJQkd5k0USAT3EfUXkECTy/ECr0U2Yzol0hkbtex0nhSEtJHIfo48H+jngtR/Pu0w5ZggCeyKx/zv4Q3Q0g==
  dependencies:
    datatables.net-bs4 "^1.10.15"
    datatables.net-scroller "2.0.0"
    jquery ">=1.7"

datatables.net-scroller@2.0.0:
  version "2.0.0"
  resolved "https://registry.yarnpkg.com/datatables.net-scroller/-/datatables.net-scroller-2.0.0.tgz#46284861952bde50bc7138a99e47419f300379d2"
  integrity sha512-Xe116srtpE0RS/f9xxUYf7dK4tSFDZmQ7H95AUT9diB7dcvwGJMIPUIVeTlNDEhLvwAFpGZlizkOlBUwy7GsTg==
  dependencies:
    datatables.net "^1.10.15"
    jquery ">=1.7"

datatables.net-select-bs4@^1.3.0:
  version "1.3.0"
  resolved "https://registry.yarnpkg.com/datatables.net-select-bs4/-/datatables.net-select-bs4-1.3.0.tgz#f2a977fb5631cdeaa322f10c2968796cbabdeeb2"
  integrity sha512-lV+CiiBn4sIILsveSJ+Q4PohpUJ5HrmmoENqV3YqPU5X/GBIFutMVDQzJobgnjbLka83J99tiKvuva2a1XQBrQ==
  dependencies:
    datatables.net-bs4 "^1.10.15"
    datatables.net-select "1.3.0"
    jquery ">=1.7"

datatables.net-select@1.3.0:
  version "1.3.0"
  resolved "https://registry.yarnpkg.com/datatables.net-select/-/datatables.net-select-1.3.0.tgz#0815efa54f09eed744af80fe6a19e236070e8cda"
  integrity sha512-sj72BM+Sx2n9mTHQjPiGMrGUoAVA1PCGmD+vEuAedhlDX1PAHcnqsOnG37eWrpqIsOQR/ZcSuE8IkU7gmiQkew==
  dependencies:
    datatables.net "^1.10.15"
    jquery ">=1.7"

datatables.net@1.10.19, datatables.net@^1.10.15:
  version "1.10.19"
  resolved "https://registry.yarnpkg.com/datatables.net/-/datatables.net-1.10.19.tgz#97a1ed41c85e62d61040603481b59790a172dd1f"
  integrity sha512-+ljXcI6Pj3PTGy5pesp3E5Dr3x3AV45EZe0o1r0gKENN2gafBKXodVnk2ypKwl2tTmivjxbkiqoWnipTefyBTA==
  dependencies:
    jquery ">=1.7"

jquery@>=1.7, jquery@^3.4.1:
  version "3.4.1"
  resolved "https://registry.yarnpkg.com/jquery/-/jquery-3.4.1.tgz#714f1f8d9dde4bdfa55764ba37ef214630d80ef2"
  integrity sha512-36+AdBzCL+y6qjw5Tx7HgzeGCzC81MDDgaUP8ld2zhx58HdqXGoBd+tHdrBMiyjGQs0Hxs/MLZTu/eHNJJuWPw==

moment@^2.10.2:
  version "2.24.0"
  resolved "https://registry.yarnpkg.com/moment/-/moment-2.24.0.tgz#0d055d53f5052aa653c9f6eb68bb5d12bf5c2b5b"
  integrity sha512-bV7f+6l2QigeBBZSM/6yTNq4P2fNpSWj/0e7jQcy87A8e7o2nAfP/34/2ky5Vw4B9S446EtIhodAzkFCcR4dQg==
